<?xml version="1.0" encoding="utf-8"?>
<Project ToolsVersion="4.0" xmlns="http://schemas.microsoft.com/developer/msbuild/2003">
  <ItemGroup>
    <Filter Include="source">
      <UniqueIdentifier>{5aadc7c4-8a85-44bb-b84e-310c2d39c441}</UniqueIdentifier>
      <Extensions>cpp;c;cxx;def;odl;idl;hpj;bat;asm</Extensions>
    </Filter>
    <Filter Include="include">
      <UniqueIdentifier>{2296e193-6a21-4cc1-a915-e5f170dbb416}</UniqueIdentifier>
      <Extensions>h;hpp;hxx;hm;inl;inc</Extensions>
    </Filter>
    <Filter Include="resource">
      <UniqueIdentifier>{a47bac66-14d4-4bde-848c-6cf9cd643689}</UniqueIdentifier>
      <Extensions>rc;ico;cur;bmp;dlg;rc2;rct;bin;rgs;jpg;jpeg;jpe;png;manifest</Extensions>
    </Filter>
  </ItemGroup>
  <ItemGroup>
    <None Include="res\PushBoxPlus.ico">
      <Filter>resource</Filter>
    </None>
    <None Include="..\Resources\CloseSelected.png">
      <Filter>resource</Filter>
    </None>
    <None Include="..\Resources\CloseNormal.png">
      <Filter>resource</Filter>
    </None>
    <None Include="..\Resources\HelloWorld.png">
      <Filter>resource</Filter>
    </None>
  </ItemGroup>
  <ItemGroup>
    <ResourceCompile Include="PushBoxPlus.rc">
      <Filter>resource</Filter>
    </ResourceCompile>
  </ItemGroup>
  <ItemGroup>
    <ClInclude Include="resource.h">
      <Filter>include</Filter>
    </ClInclude>
    <ClInclude Include="main.h">
      <Filter>include</Filter>
    </ClInclude>
    <ClInclude Include="..\Classes\AppDelegate.h">
      <Filter>include</Filter>
    </ClInclude>
    <ClInclude Include="..\Classes\MapData.h">
      <Filter>include</Filter>
    </ClInclude>
    <ClInclude Include="..\Classes\StateGame.h">
      <Filter>include</Filter>
    </ClInclude>
    <ClInclude Include="..\Classes\PusherSprite.h">
      <Filter>include</Filter>
    </ClInclude>
    <ClInclude Include="..\Classes\MapSearcher.h">
      <Filter>include</Filter>
    </ClInclude>
    <ClInclude Include="..\Classes\StateHome.h">
      <Filter>include</Filter>
    </ClInclude>
    <ClInclude Include="..\Classes\StateSelectLv.h">
      <Filter>include</Filter>
    </ClInclude>
    <ClInclude Include="..\Classes\GiftListView.h">
      <Filter>include</Filter>
    </ClInclude>
    <ClInclude Include="..\Classes\Config.h">
      <Filter>include</Filter>
    </ClInclude>
    <ClInclude Include="..\Classes\GameData.h">
      <Filter>include</Filter>
    </ClInclude>
    <ClInclude Include="..\Classes\StateLvInfo.h">
      <Filter>include</Filter>
    </ClInclude>
    <ClInclude Include="..\Classes\SpriteButton.h">
      <Filter>include</Filter>
    </ClInclude>
    <ClInclude Include="..\Classes\GamePad.h">
      <Filter>include</Filter>
    </ClInclude>
  </ItemGroup>
  <ItemGroup>
    <ClCompile Include="main.cpp">
      <Filter>source</Filter>
    </ClCompile>
    <ClCompile Include="..\Classes\AppDelegate.cpp">
      <Filter>source</Filter>
    </ClCompile>
    <ClCompile Include="..\Classes\MapData.cpp">
      <Filter>source</Filter>
    </ClCompile>
    <ClCompile Include="..\Classes\StateGame.cpp">
      <Filter>source</Filter>
    </ClCompile>
    <ClCompile Include="..\Classes\PusherSprite.cpp">
      <Filter>source</Filter>
    </ClCompile>
    <ClCompile Include="..\Classes\MapSearcher.cpp">
      <Filter>source</Filter>
    </ClCompile>
    <ClCompile Include="..\Classes\StateHome.cpp">
      <Filter>source</Filter>
    </ClCompile>
    <ClCompile Include="..\Classes\StateSelectLv.cpp">
      <Filter>source</Filter>
    </ClCompile>
    <ClCompile Include="..\Classes\GiftListView.cpp">
      <Filter>source</Filter>
    </ClCompile>
    <ClCompile Include="..\Classes\StateLvInfo.cpp">
      <Filter>source</Filter>
    </ClCompile>
    <ClCompile Include="..\Classes\SpriteButton.cpp">
      <Filter>source</Filter>
    </ClCompile>
    <ClCompile Include="..\Classes\GamePad.cpp">
      <Filter>source</Filter>
    </ClCompile>
  </ItemGroup>
</Project>